{
    "name": "mdn-element-api-site",
    "version": "1.0.0",
    "lockfileVersion": 2,
    "requires": true,
    "packages": {
        "": {
            "name": "mdn-element-api-site",
            "version": "1.0.0",
            "license": "ISC",
            "devDependencies": {
                "elastic-object": "^1.0.9",
                "fs-extra": "^10.1.0",
                "handlebars": "^4.7.7"
            }
        },
        "node_modules/dot-prop": {
            "version": "7.2.0",
            "resolved": "https://registry.npmjs.org/dot-prop/-/dot-prop-7.2.0.tgz",
            "integrity": "sha512-Ol/IPXUARn9CSbkrdV4VJo7uCy1I3VuSiWCaFSg+8BdUOzF9n3jefIpcgAydvUZbTdEBZs2vEiTiS9m61ssiDA==",
            "dev": true,
            "dependencies": {
                "type-fest": "^2.11.2"
            },
            "engines": {
                "node": "^12.20.0 || ^14.13.1 || >=16.0.0"
            },
            "funding": {
                "url": "https://github.com/sponsors/sindresorhus"
            }
        },
        "node_modules/elastic-object": {
            "version": "1.0.9",
            "resolved": "https://registry.npmjs.org/elastic-object/-/elastic-object-1.0.9.tgz",
            "integrity": "sha512-1TInrBlwZaxDxoBPcYeZmL13SlwH1YqMJ1LWL1TMBmbWrwvC/gaFiZ8HBDy0NMLvvETLCa0BZcZlAcP2RGmt0Q==",
            "dev": true,
            "dependencies": {
                "dot-prop": "^7.2.0",
                "whats-the-type": "^2.1.0"
            }
        },
        "node_modules/fs-extra": {
            "version": "10.1.0",
            "resolved": "https://registry.npmjs.org/fs-extra/-/fs-extra-10.1.0.tgz",
            "integrity": "sha512-oRXApq54ETRj4eMiFzGnHWGy+zo5raudjuxN0b8H7s/RU2oW0Wvsx9O0ACRN/kRq9E8Vu/ReskGB5o3ji+FzHQ==",
            "dev": true,
            "dependencies": {
                "graceful-fs": "^4.2.0",
                "jsonfile": "^6.0.1",
                "universalify": "^2.0.0"
            },
            "engines": {
                "node": ">=12"
            }
        },
        "node_modules/graceful-fs": {
            "version": "4.2.10",
            "resolved": "https://registry.npmjs.org/graceful-fs/-/graceful-fs-4.2.10.tgz",
            "integrity": "sha512-9ByhssR2fPVsNZj478qUUbKfmL0+t5BDVyjShtyZZLiK7ZDAArFFfopyOTj0M05wE2tJPisA4iTnnXl2YoPvOA==",
            "dev": true
        },
        "node_modules/handlebars": {
            "version": "4.7.7",
            "resolved": "https://registry.npmjs.org/handlebars/-/handlebars-4.7.7.tgz",
            "integrity": "sha512-aAcXm5OAfE/8IXkcZvCepKU3VzW1/39Fb5ZuqMtgI/hT8X2YgoMvBY5dLhq/cpOvw7Lk1nK/UF71aLG/ZnVYRA==",
            "dev": true,
            "dependencies": {
                "minimist": "^1.2.5",
                "neo-async": "^2.6.0",
                "source-map": "^0.6.1",
                "wordwrap": "^1.0.0"
            },
            "bin": {
                "handlebars": "bin/handlebars"
            },
            "engines": {
                "node": ">=0.4.7"
            },
            "optionalDependencies": {
                "uglify-js": "^3.1.4"
            }
        },
        "node_modules/jsonfile": {
            "version": "6.1.0",
            "resolved": "https://registry.npmjs.org/jsonfile/-/jsonfile-6.1.0.tgz",
            "integrity": "sha512-5dgndWOriYSm5cnYaJNhalLNDKOqFwyDB/rr1E9ZsGciGvKPs8R2xYGCacuf3z6K1YKDz182fd+fY3cn3pMqXQ==",
            "dev": true,
            "dependencies": {
                "universalify": "^2.0.0"
            },
            "optionalDependencies": {
                "graceful-fs": "^4.1.6"
            }
        },
        "node_modules/minimist": {
            "version": "1.2.6",
            "resolved": "https://registry.npmjs.org/minimist/-/minimist-1.2.6.tgz",
            "integrity": "sha512-Jsjnk4bw3YJqYzbdyBiNsPWHPfO++UGG749Cxs6peCu5Xg4nrena6OVxOYxrQTqww0Jmwt+Ref8rggumkTLz9Q==",
            "dev": true
        },
        "node_modules/neo-async": {
            "version": "2.6.2",
            "resolved": "https://registry.npmjs.org/neo-async/-/neo-async-2.6.2.tgz",
            "integrity": "sha512-Yd3UES5mWCSqR+qNT93S3UoYUkqAZ9lLg8a7g9rimsWmYGK8cVToA4/sF3RrshdyV3sAGMXVUmpMYOw+dLpOuw==",
            "dev": true
        },
        "node_modules/source-map": {
            "version": "0.6.1",
            "resolved": "https://registry.npmjs.org/source-map/-/source-map-0.6.1.tgz",
            "integrity": "sha512-UjgapumWlbMhkBgzT7Ykc5YXUT46F0iKu8SGXq0bcwP5dz/h0Plj6enJqjz1Zbq2l5WaqYnrVbwWOWMyF3F47g==",
            "dev": true,
            "engines": {
                "node": ">=0.10.0"
            }
        },
        "node_modules/type-fest": {
            "version": "2.13.0",
            "resolved": "https://registry.npmjs.org/type-fest/-/type-fest-2.13.0.tgz",
            "integrity": "sha512-lPfAm42MxE4/456+QyIaaVBAwgpJb6xZ8PRu09utnhPdWwcyj9vgy6Sq0Z5yNbJ21EdxB5dRU/Qg8bsyAMtlcw==",
            "dev": true,
            "engines": {
                "node": ">=12.20"
            },
            "funding": {
                "url": "https://github.com/sponsors/sindresorhus"
            }
        },
        "node_modules/uglify-js": {
            "version": "3.15.5",
            "resolved": "https://registry.npmjs.org/uglify-js/-/uglify-js-3.15.5.tgz",
            "integrity": "sha512-hNM5q5GbBRB5xB+PMqVRcgYe4c8jbyZ1pzZhS6jbq54/4F2gFK869ZheiE5A8/t+W5jtTNpWef/5Q9zk639FNQ==",
            "dev": true,
            "optional": true,
            "bin": {
                "uglifyjs": "bin/uglifyjs"
            },
            "engines": {
                "node": ">=0.8.0"
            }
        },
        "node_modules/universalify": {
            "version": "2.0.0",
            "resolved": "https://registry.npmjs.org/universalify/-/universalify-2.0.0.tgz",
            "integrity": "sha512-hAZsKq7Yy11Zu1DE0OzWjw7nnLZmJZYTDZZyEFHZdUhV8FkH5MCfoU1XMaxXovpyW5nq5scPqq0ZDP9Zyl04oQ==",
            "dev": true,
            "engines": {
                "node": ">= 10.0.0"
            }
        },
        "node_modules/whats-the-type": {
            "version": "2.4.0",
            "resolved": "https://registry.npmjs.org/whats-the-type/-/whats-the-type-2.4.0.tgz",
            "integrity": "sha512-iSrnwS1HA8AQYNhKxhcdB2KZIm6nz7ACd0WM3XF8/rO7wJsT16c1i9z+kxUXb9qMEPBUfTtQI510WLGJ2+Qc9A==",
            "dev": true
        },
        "node_modules/wordwrap": {
            "version": "1.0.0",
            "resolved": "https://registry.npmjs.org/wordwrap/-/wordwrap-1.0.0.tgz",
            "integrity": "sha1-J1hIEIkUVqQXHI0CJkQa3pDLyus=",
            "dev": true
        }
    },
    "dependencies": {
        "dot-prop": {
            "version": "7.2.0",
            "resolved": "https://registry.npmjs.org/dot-prop/-/dot-prop-7.2.0.tgz",
            "integrity": "sha512-Ol/IPXUARn9CSbkrdV4VJo7uCy1I3VuSiWCaFSg+8BdUOzF9n3jefIpcgAydvUZbTdEBZs2vEiTiS9m61ssiDA==",
            "dev": true,
            "requires": {
                "type-fest": "^2.11.2"
            }
        },
        "elastic-object": {
            "version": "1.0.9",
            "resolved": "https://registry.npmjs.org/elastic-object/-/elastic-object-1.0.9.tgz",
            "integrity": "sha512-1TInrBlwZaxDxoBPcYeZmL13SlwH1YqMJ1LWL1TMBmbWrwvC/gaFiZ8HBDy0NMLvvETLCa0BZcZlAcP2RGmt0Q==",
            "dev": true,
            "requires": {
                "dot-prop": "^7.2.0",
                "whats-the-type": "^2.1.0"
            }
        },
        "fs-extra": {
            "version": "10.1.0",
            "resolved": "https://registry.npmjs.org/fs-extra/-/fs-extra-10.1.0.tgz",
            "integrity": "sha512-oRXApq54ETRj4eMiFzGnHWGy+zo5raudjuxN0b8H7s/RU2oW0Wvsx9O0ACRN/kRq9E8Vu/ReskGB5o3ji+FzHQ==",
            "dev": true,
            "requires": {
                "graceful-fs": "^4.2.0",
                "jsonfile": "^6.0.1",
                "universalify": "^2.0.0"
            }
        },
        "graceful-fs": {
            "version": "4.2.10",
            "resolved": "https://registry.npmjs.org/graceful-fs/-/graceful-fs-4.2.10.tgz",
            "integrity": "sha512-9ByhssR2fPVsNZj478qUUbKfmL0+t5BDVyjShtyZZLiK7ZDAArFFfopyOTj0M05wE2tJPisA4iTnnXl2YoPvOA==",
            "dev": true
        },
        "handlebars": {
            "version": "4.7.7",
            "resolved": "https://registry.npmjs.org/handlebars/-/handlebars-4.7.7.tgz",
            "integrity": "sha512-aAcXm5OAfE/8IXkcZvCepKU3VzW1/39Fb5ZuqMtgI/hT8X2YgoMvBY5dLhq/cpOvw7Lk1nK/UF71aLG/ZnVYRA==",
            "dev": true,
            "requires": {
                "minimist": "^1.2.5",
                "neo-async": "^2.6.0",
                "source-map": "^0.6.1",
                "uglify-js": "^3.1.4",
                "wordwrap": "^1.0.0"
            }
        },
        "jsonfile": {
            "version": "6.1.0",
            "resolved": "https://registry.npmjs.org/jsonfile/-/jsonfile-6.1.0.tgz",
            "integrity": "sha512-5dgndWOriYSm5cnYaJNhalLNDKOqFwyDB/rr1E9ZsGciGvKPs8R2xYGCacuf3z6K1YKDz182fd+fY3cn3pMqXQ==",
            "dev": true,
            "requires": {
                "graceful-fs": "^4.1.6",
                "universalify": "^2.0.0"
            }
        },
        "minimist": {
            "version": "1.2.6",
            "resolved": "https://registry.npmjs.org/minimist/-/minimist-1.2.6.tgz",
            "integrity": "sha512-Jsjnk4bw3YJqYzbdyBiNsPWHPfO++UGG749Cxs6peCu5Xg4nrena6OVxOYxrQTqww0Jmwt+Ref8rggumkTLz9Q==",
            "dev": true
        },
        "neo-async": {
            "version": "2.6.2",
            "resolved": "https://registry.npmjs.org/neo-async/-/neo-async-2.6.2.tgz",
            "integrity": "sha512-Yd3UES5mWCSqR+qNT93S3UoYUkqAZ9lLg8a7g9rimsWmYGK8cVToA4/sF3RrshdyV3sAGMXVUmpMYOw+dLpOuw==",
            "dev": true
        },
        "source-map": {
            "version": "0.6.1",
            "resolved": "https://registry.npmjs.org/source-map/-/source-map-0.6.1.tgz",
            "integrity": "sha512-UjgapumWlbMhkBgzT7Ykc5YXUT46F0iKu8SGXq0bcwP5dz/h0Plj6enJqjz1Zbq2l5WaqYnrVbwWOWMyF3F47g==",
            "dev": true
        },
        "type-fest": {
            "version": "2.13.0",
            "resolved": "https://registry.npmjs.org/type-fest/-/type-fest-2.13.0.tgz",
            "integrity": "sha512-lPfAm42MxE4/456+QyIaaVBAwgpJb6xZ8PRu09utnhPdWwcyj9vgy6Sq0Z5yNbJ21EdxB5dRU/Qg8bsyAMtlcw==",
            "dev": true
        },
        "uglify-js": {
            "version": "3.15.5",
            "resolved": "https://registry.npmjs.org/uglify-js/-/uglify-js-3.15.5.tgz",
            "integrity": "sha512-hNM5q5GbBRB5xB+PMqVRcgYe4c8jbyZ1pzZhS6jbq54/4F2gFK869ZheiE5A8/t+W5jtTNpWef/5Q9zk639FNQ==",
            "dev": true,
            "optional": true
        },
        "universalify": {
            "version": "2.0.0",
            "resolved": "https://registry.npmjs.org/universalify/-/universalify-2.0.0.tgz",
            "integrity": "sha512-hAZsKq7Yy11Zu1DE0OzWjw7nnLZmJZYTDZZyEFHZdUhV8FkH5MCfoU1XMaxXovpyW5nq5scPqq0ZDP9Zyl04oQ==",
            "dev": true
        },
        "whats-the-type": {
            "version": "2.4.0",
            "resolved": "https://registry.npmjs.org/whats-the-type/-/whats-the-type-2.4.0.tgz",
            "integrity": "sha512-iSrnwS1HA8AQYNhKxhcdB2KZIm6nz7ACd0WM3XF8/rO7wJsT16c1i9z+kxUXb9qMEPBUfTtQI510WLGJ2+Qc9A==",
            "dev": true
        },
        "wordwrap": {
            "version": "1.0.0",
            "resolved": "https://registry.npmjs.org/wordwrap/-/wordwrap-1.0.0.tgz",
            "integrity": "sha1-J1hIEIkUVqQXHI0CJkQa3pDLyus=",
            "dev": true
        }
    }
}
